
Microsoft Visual Studio Solution File, Format Version 12.00
# Visual Studio 15
Project("{FAE04EC0-301F-11D3-BF4B-00C04F79EFBC}") = "Assembly-CSharp", "Assembly-CSharp.csproj", "{C2C730BA-3D82-DE44-6BFE-C45848C4B193}"
EndProject
Project("{FAE04EC0-301F-11D3-BF4B-00C04F79EFBC}") = "Assembly-CSharp-Editor", "Assembly-CSharp-Editor.csproj", "{F9254F24-BC6C-765E-698D-0F375F5DF0DA}"
EndProject
Global
	GlobalSection(SolutionConfigurationPlatforms) = preSolution
		Debug|Any CPU = Debug|Any CPU
		Release|Any CPU = Release|Any CPU
	EndGlobalSection
	GlobalSection(ProjectConfigurationPlatforms) = postSolution
		{C2C730BA-3D82-DE44-6BFE-C45848C4B193}.Debug|Any CPU.ActiveCfg = Debug|Any CPU
		{C2C730BA-3D82-DE44-6BFE-C45848C4B193}.Debug|Any CPU.Build.0 = Debug|Any CPU
		{C2C730BA-3D82-DE44-6BFE-C45848C4B193}.Release|Any CPU.ActiveCfg = Release|Any CPU
		{C2C730BA-3D82-DE44-6BFE-C45848C4B193}.Release|Any CPU.Build.0 = Release|Any CPU
		{F9254F24-BC6C-765E-698D-0F375F5DF0DA}.Debug|Any CPU.ActiveCfg = Debug|Any CPU
		{F9254F24-BC6C-765E-698D-0F375F5DF0DA}.Debug|Any CPU.Build.0 = Debug|Any CPU
		{F9254F24-BC6C-765E-698D-0F375F5DF0DA}.Release|Any CPU.ActiveCfg = Release|Any CPU
		{F9254F24-BC6C-765E-698D-0F375F5DF0DA}.Release|Any CPU.Build.0 = Release|Any CPU
	EndGlobalSection
	GlobalSection(SolutionProperties) = preSolution
		HideSolutionNode = FALSE
	EndGlobalSection
EndGlobal
